
Microsoft Visual Studio Solution File, Format Version 12.00
# Visual Studio 15
VisualStudioVersion = 15.0.28307.438
MinimumVisualStudioVersion = 10.0.40219.1
Project("{2150E333-8FDC-42A3-9474-1A3956D46DE8}") = "Solution Items", "Solution Items", "{2DC08DDC-694A-447D-93F0-A905E0BCAD79}"
	ProjectSection(SolutionItems) = preProject
		EasySQLPivot.sql = EasySQLPivot.sql
		Example.sql = Example.sql
	EndProjectSection
EndProject
Global
	GlobalSection(SolutionProperties) = preSolution
		HideSolutionNode = FALSE
	EndGlobalSection
	GlobalSection(ExtensibilityGlobals) = postSolution
		SolutionGuid = {42B54DDF-16C7-4ACE-B44D-9A8D5BD1FC3E}
	EndGlobalSection
EndGlobal
